
Microsoft Visual Studio Solution File, Format Version 12.00
# Visual Studio 15
Project("{FAE04EC0-301F-11D3-BF4B-00C04F79EFBC}") = "Assembly-CSharp", "Assembly-CSharp.csproj", "{4638A4F8-0747-BB0B-2A07-83015531B5AB}"
EndProject
Project("{FAE04EC0-301F-11D3-BF4B-00C04F79EFBC}") = "Assembly-CSharp-firstpass", "Assembly-CSharp-firstpass.csproj", "{2CBC5EA6-263E-F216-C9A8-006932DAAEB8}"
EndProject
Project("{FAE04EC0-301F-11D3-BF4B-00C04F79EFBC}") = "Assembly-CSharp-Editor-firstpass", "Assembly-CSharp-Editor-firstpass.csproj", "{E753FA29-87F7-BCE2-3359-8DD557BA6E7A}"
EndProject
Global
	GlobalSection(SolutionConfigurationPlatforms) = preSolution
		Debug|Any CPU = Debug|Any CPU
		Release|Any CPU = Release|Any CPU
	EndGlobalSection
	GlobalSection(ProjectConfigurationPlatforms) = postSolution
		{4638A4F8-0747-BB0B-2A07-83015531B5AB}.Debug|Any CPU.ActiveCfg = Debug|Any CPU
		{4638A4F8-0747-BB0B-2A07-83015531B5AB}.Debug|Any CPU.Build.0 = Debug|Any CPU
		{4638A4F8-0747-BB0B-2A07-83015531B5AB}.Release|Any CPU.ActiveCfg = Release|Any CPU
		{4638A4F8-0747-BB0B-2A07-83015531B5AB}.Release|Any CPU.Build.0 = Release|Any CPU
		{2CBC5EA6-263E-F216-C9A8-006932DAAEB8}.Debug|Any CPU.ActiveCfg = Debug|Any CPU
		{2CBC5EA6-263E-F216-C9A8-006932DAAEB8}.Debug|Any CPU.Build.0 = Debug|Any CPU
		{2CBC5EA6-263E-F216-C9A8-006932DAAEB8}.Release|Any CPU.ActiveCfg = Release|Any CPU
		{2CBC5EA6-263E-F216-C9A8-006932DAAEB8}.Release|Any CPU.Build.0 = Release|Any CPU
		{E753FA29-87F7-BCE2-3359-8DD557BA6E7A}.Debug|Any CPU.ActiveCfg = Debug|Any CPU
		{E753FA29-87F7-BCE2-3359-8DD557BA6E7A}.Debug|Any CPU.Build.0 = Debug|Any CPU
		{E753FA29-87F7-BCE2-3359-8DD557BA6E7A}.Release|Any CPU.ActiveCfg = Release|Any CPU
		{E753FA29-87F7-BCE2-3359-8DD557BA6E7A}.Release|Any CPU.Build.0 = Release|Any CPU
	EndGlobalSection
	GlobalSection(SolutionProperties) = preSolution
		HideSolutionNode = FALSE
	EndGlobalSection
EndGlobal
